{
  "version": 4,
  "terraform_version": "1.6.3",
  "serial": 19,
  "lineage": "65c0cd90-b9aa-4e72-2883-cf80c530c2a4",
  "outputs": {},
  "resources": [
    {
      "mode": "data",
      "type": "aws_ecs_cluster",
      "name": "this",
      "provider": "provider[\"registry.terraform.io/hashicorp/aws\"]",
      "instances": [
        {
          "schema_version": 0,
          "attributes": {
            "arn": "arn:aws:ecs:us-east-1:376476525700:cluster/mangesh",
            "cluster_name": "mangesh",
            "id": "arn:aws:ecs:us-east-1:376476525700:cluster/mangesh",
            "pending_tasks_count": 0,
            "registered_container_instances_count": 0,
            "running_tasks_count": 2,
            "service_connect_defaults": [
              {
                "namespace": "arn:aws:servicediscovery:us-east-1:376476525700:namespace/ns-ucac5r23spesvzgq"
              }
            ],
            "setting": [
              {
                "name": "containerInsights",
                "value": "disabled"
              }
            ],
            "status": "ACTIVE",
            "tags": {}
          },
          "sensitive_attributes": []
        }
      ]
    },
    {
      "mode": "managed",
      "type": "aws_cloudwatch_event_rule",
      "name": "ecs_task_state_change_rule",
      "provider": "provider[\"registry.terraform.io/hashicorp/aws\"]",
      "instances": [
        {
          "schema_version": 0,
          "attributes": {
            "arn": "arn:aws:events:us-east-1:376476525700:rule/ECS_Task_State_Change_Rule",
            "description": "EventBridge rule for ECS Task State Change",
            "event_bus_name": "default",
            "event_pattern": "{\"detail\":{\"lastStatus\":[\"STOPPED\"],\"stoppedReason\":[\"Essential container in task exited\",\"Task stopped by user\",\"CannotPullContainerError\",\"Failed Elastic Load Balancing (ELB) health checks\",\"Failed container health checks\",\"Unhealthy container instance\",\"Underlying infrastructure maintenance\",\"Service scaling event triggered\",\"ResourceInitializationError\"]},\"detail-type\":[\"ECS Task State Change\"],\"source\":[\"aws.ecs\"]}",
            "id": "ECS_Task_State_Change_Rule",
            "is_enabled": true,
            "name": "ECS_Task_State_Change_Rule",
            "name_prefix": "",
            "role_arn": "",
            "schedule_expression": "",
            "tags": null,
            "tags_all": {}
          },
          "sensitive_attributes": [],
          "private": "bnVsbA=="
        }
      ]
    },
    {
      "mode": "managed",
      "type": "aws_cloudwatch_event_target",
      "name": "sns_target",
      "provider": "provider[\"registry.terraform.io/hashicorp/aws\"]",
      "instances": [
        {
          "schema_version": 1,
          "attributes": {
            "arn": "arn:aws:sns:us-east-1:376476525700:TaskFailedAlarm",
            "batch_target": [],
            "dead_letter_config": [],
            "ecs_target": [],
            "event_bus_name": "default",
            "http_target": [],
            "id": "ECS_Task_State_Change_Rule-SNS_Topic_Target",
            "input": "",
            "input_path": "",
            "input_transformer": [],
            "kinesis_target": [],
            "redshift_target": [],
            "retry_policy": [],
            "role_arn": "",
            "rule": "ECS_Task_State_Change_Rule",
            "run_command_targets": [],
            "sagemaker_pipeline_target": [],
            "sqs_target": [],
            "target_id": "SNS_Topic_Target"
          },
          "sensitive_attributes": [],
          "private": "eyJzY2hlbWFfdmVyc2lvbiI6IjEifQ==",
          "dependencies": [
            "aws_cloudwatch_event_rule.ecs_task_state_change_rule"
          ]
        }
      ]
    },
    {
      "mode": "managed",
      "type": "aws_cloudwatch_metric_alarm",
      "name": "cpu_utilization_high",
      "provider": "provider[\"registry.terraform.io/hashicorp/aws\"]",
      "instances": [
        {
          "index_key": 0,
          "schema_version": 1,
          "attributes": {
            "actions_enabled": true,
            "alarm_actions": null,
            "alarm_description": "Average ECS Cluster [mangesh] CPU Utilization is too HIGH for the last 5 minute(s) over 1 period(s)",
            "alarm_name": "mangesh-cpu-utilization-high",
            "arn": "arn:aws:cloudwatch:us-east-1:376476525700:alarm:mangesh-cpu-utilization-high",
            "comparison_operator": "GreaterThanThreshold",
            "datapoints_to_alarm": 0,
            "dimensions": {
              "ClusterName": "mangesh"
            },
            "evaluate_low_sample_count_percentiles": "",
            "evaluation_periods": 1,
            "extended_statistic": "",
            "id": "mangesh-cpu-utilization-high",
            "insufficient_data_actions": null,
            "metric_name": "CPUUtilization",
            "metric_query": [],
            "namespace": "AWS/ECS",
            "ok_actions": null,
            "period": 300,
            "statistic": "Average",
            "tags": {
              "Name": "mangesh-cpu-utilization-high",
              "terraform": "true"
            },
            "tags_all": {
              "Name": "mangesh-cpu-utilization-high",
              "terraform": "true"
            },
            "threshold": 90,
            "threshold_metric_id": "",
            "treat_missing_data": "missing",
            "unit": ""
          },
          "sensitive_attributes": [],
          "private": "eyJzY2hlbWFfdmVyc2lvbiI6IjEifQ=="
        }
      ]
    },
    {
      "mode": "managed",
      "type": "aws_cloudwatch_metric_alarm",
      "name": "memory_utilization_high",
      "provider": "provider[\"registry.terraform.io/hashicorp/aws\"]",
      "instances": [
        {
          "index_key": 0,
          "schema_version": 1,
          "attributes": {
            "actions_enabled": true,
            "alarm_actions": null,
            "alarm_description": "Average ECS Cluster [mangesh] Memory Utilization is too HIGH for the last 5 minute(s) over 1 period(s)",
            "alarm_name": "mangesh-memory-utilization-high",
            "arn": "arn:aws:cloudwatch:us-east-1:376476525700:alarm:mangesh-memory-utilization-high",
            "comparison_operator": "GreaterThanThreshold",
            "datapoints_to_alarm": 0,
            "dimensions": {
              "ClusterName": "mangesh"
            },
            "evaluate_low_sample_count_percentiles": "",
            "evaluation_periods": 1,
            "extended_statistic": "",
            "id": "mangesh-memory-utilization-high",
            "insufficient_data_actions": null,
            "metric_name": "MemoryUtilization",
            "metric_query": [],
            "namespace": "AWS/ECS",
            "ok_actions": null,
            "period": 300,
            "statistic": "Average",
            "tags": {
              "Name": "mangesh-memory-utilization-high",
              "terraform": "true"
            },
            "tags_all": {
              "Name": "mangesh-memory-utilization-high",
              "terraform": "true"
            },
            "threshold": 85,
            "threshold_metric_id": "",
            "treat_missing_data": "missing",
            "unit": ""
          },
          "sensitive_attributes": [],
          "private": "eyJzY2hlbWFfdmVyc2lvbiI6IjEifQ=="
        }
      ]
    }
  ],
  "check_results": null
}
